
Microsoft Visual Studio Solution File, Format Version 12.00
# Visual Studio Version 16
VisualStudioVersion = 16.0.30709.64
MinimumVisualStudioVersion = 10.0.40219.1
Project("{FAE04EC0-301F-11D3-BF4B-00C04F79EFBC}") = "BlazorTest", "BlazorTest\BlazorTest.csproj", "{7618F5AE-709F-4296-A7CF-0E023AA71BC5}"
EndProject
Global
	GlobalSection(SolutionConfigurationPlatforms) = preSolution
		Debug|Any CPU = Debug|Any CPU
		Release|Any CPU = Release|Any CPU
	EndGlobalSection
	GlobalSection(ProjectConfigurationPlatforms) = postSolution
		{7618F5AE-709F-4296-A7CF-0E023AA71BC5}.Debug|Any CPU.ActiveCfg = Debug|Any CPU
		{7618F5AE-709F-4296-A7CF-0E023AA71BC5}.Debug|Any CPU.Build.0 = Debug|Any CPU
		{7618F5AE-709F-4296-A7CF-0E023AA71BC5}.Release|Any CPU.ActiveCfg = Release|Any CPU
		{7618F5AE-709F-4296-A7CF-0E023AA71BC5}.Release|Any CPU.Build.0 = Release|Any CPU
	EndGlobalSection
	GlobalSection(SolutionProperties) = preSolution
		HideSolutionNode = FALSE
	EndGlobalSection
	GlobalSection(ExtensibilityGlobals) = postSolution
		SolutionGuid = {E40F7E5E-376F-4707-8379-96E7431822FB}
	EndGlobalSection
EndGlobal
